
Microsoft Visual Studio Solution File, Format Version 12.00
# Visual Studio Version 17
VisualStudioVersion = 17.11.35222.181
MinimumVisualStudioVersion = 10.0.40219.1
Project("{2150E333-8FDC-42A3-9474-1A3956D46DE8}") = "DAL", "DAL", "{ED01369D-E284-4B1F-B5CE-394BDF419AC2}"
EndProject
Project("{2150E333-8FDC-42A3-9474-1A3956D46DE8}") = "BLL", "BLL", "{12C7FB99-780A-43D1-A96D-23A489B2B67F}"
EndProject
Project("{2150E333-8FDC-42A3-9474-1A3956D46DE8}") = "UI", "UI", "{D3852509-7980-4089-9FDE-962B6DAAB255}"
EndProject
Project("{9A19103F-16F7-4668-BE54-9A1E7A4F7556}") = "HRBoost.Services", "HRBoost.Services\HRBoost.Services.csproj", "{41567BBE-8C51-430A-BAC3-3F53276D6973}"
EndProject
Project("{9A19103F-16F7-4668-BE54-9A1E7A4F7556}") = "HRBoost.UI", "HRBoost.UI\HRBoost.UI.csproj", "{12FC5658-6DF0-4511-AAC3-058C97DD92B0}"
EndProject
Project("{9A19103F-16F7-4668-BE54-9A1E7A4F7556}") = "HRBoost.Entity", "HRBoost.Entity\HRBoost.Entity.csproj", "{736B0476-59F0-4153-994E-8D76AAD7BDE8}"
EndProject
Project("{FAE04EC0-301F-11D3-BF4B-00C04F79EFBC}") = "HRBoost.Shared", "HRBoost.Shared\HRBoost.Shared.csproj", "{61AAC583-589F-4870-8007-2E3CE4446657}"
EndProject
Project("{FAE04EC0-301F-11D3-BF4B-00C04F79EFBC}") = "HRBoost.ContextDb", "HRBoost.ContextDb\HRBoost.ContextDb.csproj", "{CFAA2DF0-57C0-4446-B13F-C68E28AA0A6B}"
EndProject
Project("{FAE04EC0-301F-11D3-BF4B-00C04F79EFBC}") = "HRBoost.Mapping", "HRBoost.Mapping\HRBoost.Mapping.csproj", "{956D6D2A-A55A-43E6-BC07-CA401017B833}"
EndProject
Global
	GlobalSection(SolutionConfigurationPlatforms) = preSolution
		Debug|Any CPU = Debug|Any CPU
		Release|Any CPU = Release|Any CPU
	EndGlobalSection
	GlobalSection(ProjectConfigurationPlatforms) = postSolution
		{41567BBE-8C51-430A-BAC3-3F53276D6973}.Debug|Any CPU.ActiveCfg = Debug|Any CPU
		{41567BBE-8C51-430A-BAC3-3F53276D6973}.Debug|Any CPU.Build.0 = Debug|Any CPU
		{41567BBE-8C51-430A-BAC3-3F53276D6973}.Release|Any CPU.ActiveCfg = Release|Any CPU
		{41567BBE-8C51-430A-BAC3-3F53276D6973}.Release|Any CPU.Build.0 = Release|Any CPU
		{12FC5658-6DF0-4511-AAC3-058C97DD92B0}.Debug|Any CPU.ActiveCfg = Debug|Any CPU
		{12FC5658-6DF0-4511-AAC3-058C97DD92B0}.Debug|Any CPU.Build.0 = Debug|Any CPU
		{12FC5658-6DF0-4511-AAC3-058C97DD92B0}.Release|Any CPU.ActiveCfg = Release|Any CPU
		{12FC5658-6DF0-4511-AAC3-058C97DD92B0}.Release|Any CPU.Build.0 = Release|Any CPU
		{736B0476-59F0-4153-994E-8D76AAD7BDE8}.Debug|Any CPU.ActiveCfg = Debug|Any CPU
		{736B0476-59F0-4153-994E-8D76AAD7BDE8}.Debug|Any CPU.Build.0 = Debug|Any CPU
		{736B0476-59F0-4153-994E-8D76AAD7BDE8}.Release|Any CPU.ActiveCfg = Release|Any CPU
		{736B0476-59F0-4153-994E-8D76AAD7BDE8}.Release|Any CPU.Build.0 = Release|Any CPU
		{61AAC583-589F-4870-8007-2E3CE4446657}.Debug|Any CPU.ActiveCfg = Debug|Any CPU
		{61AAC583-589F-4870-8007-2E3CE4446657}.Debug|Any CPU.Build.0 = Debug|Any CPU
		{61AAC583-589F-4870-8007-2E3CE4446657}.Release|Any CPU.ActiveCfg = Release|Any CPU
		{61AAC583-589F-4870-8007-2E3CE4446657}.Release|Any CPU.Build.0 = Release|Any CPU
		{CFAA2DF0-57C0-4446-B13F-C68E28AA0A6B}.Debug|Any CPU.ActiveCfg = Debug|Any CPU
		{CFAA2DF0-57C0-4446-B13F-C68E28AA0A6B}.Debug|Any CPU.Build.0 = Debug|Any CPU
		{CFAA2DF0-57C0-4446-B13F-C68E28AA0A6B}.Release|Any CPU.ActiveCfg = Release|Any CPU
		{CFAA2DF0-57C0-4446-B13F-C68E28AA0A6B}.Release|Any CPU.Build.0 = Release|Any CPU
		{956D6D2A-A55A-43E6-BC07-CA401017B833}.Debug|Any CPU.ActiveCfg = Debug|Any CPU
		{956D6D2A-A55A-43E6-BC07-CA401017B833}.Debug|Any CPU.Build.0 = Debug|Any CPU
		{956D6D2A-A55A-43E6-BC07-CA401017B833}.Release|Any CPU.ActiveCfg = Release|Any CPU
		{956D6D2A-A55A-43E6-BC07-CA401017B833}.Release|Any CPU.Build.0 = Release|Any CPU
	EndGlobalSection
	GlobalSection(SolutionProperties) = preSolution
		HideSolutionNode = FALSE
	EndGlobalSection
	GlobalSection(NestedProjects) = preSolution
		{41567BBE-8C51-430A-BAC3-3F53276D6973} = {12C7FB99-780A-43D1-A96D-23A489B2B67F}
		{12FC5658-6DF0-4511-AAC3-058C97DD92B0} = {D3852509-7980-4089-9FDE-962B6DAAB255}
		{736B0476-59F0-4153-994E-8D76AAD7BDE8} = {ED01369D-E284-4B1F-B5CE-394BDF419AC2}
		{61AAC583-589F-4870-8007-2E3CE4446657} = {ED01369D-E284-4B1F-B5CE-394BDF419AC2}
		{CFAA2DF0-57C0-4446-B13F-C68E28AA0A6B} = {ED01369D-E284-4B1F-B5CE-394BDF419AC2}
		{956D6D2A-A55A-43E6-BC07-CA401017B833} = {ED01369D-E284-4B1F-B5CE-394BDF419AC2}
	EndGlobalSection
	GlobalSection(ExtensibilityGlobals) = postSolution
		SolutionGuid = {44130A77-F7AF-4D65-958F-EBBD9A3782DD}
	EndGlobalSection
EndGlobal
